lockfileVersion: '9.0'

settings:
  autoInstallPeers: true
  excludeLinksFromLockfile: false

importers:

  .:
    dependencies:
      aos:
        specifier: ^2.3.4
        version: 2.3.4
      gsap:
        specifier: ^3.15.0
        version: 3.15.0
      interactjs:
        specifier: ^1.10.27
        version: 1.10.27
      pixi.js:
        specifier: ^8.19.0
        version: 8.19.0
      sweetalert2:
        specifier: ^11.26.25
        version: 11.26.25

packages:

  '@interactjs/types@1.10.27':
    resolution: {integrity: sha512-BUdv0cvs4H5ODuwft2Xp4eL8Vmi3LcihK42z0Ft/FbVJZoRioBsxH+LlsBdK4tAie7PqlKGy+1oyOncu1nQ6eA==}

  '@pixi/colord@2.9.6':
    resolution: {integrity: sha512-nezytU2pw587fQstUu1AsJZDVEynjskwOL+kibwcdxsMBFqPsFFNA7xl0ii/gXuDi6M0xj3mfRJj8pBSc2jCfA==}

  '@types/earcut@3.0.0':
    resolution: {integrity: sha512-k/9fOUGO39yd2sCjrbAJvGDEQvRwRnQIZlBz43roGwUZo5SHAmyVvSFyaVVZkicRVCaDXPKlbxrUcBuJoSWunQ==}

  '@webgpu/types@0.1.70':
    resolution: {integrity: sha512-LFiNHHKMvmAEvwVew3JLJmTdShhbdwRFSImUshGhE2mGE8ybQzIo63l5uRp+YKnNx+8Qno8Kf6gN+DKMreIJCA==}

  '@xmldom/xmldom@0.8.13':
    resolution: {integrity: sha512-KRYzxepc14G/CEpEGc3Yn+JKaAeT63smlDr+vjB8jRfgTBBI9wRj/nkQEO+ucV8p8I9bfKLWp37uHgFrbntPvw==}
    engines: {node: '>=10.0.0'}

  aos@2.3.4:
    resolution: {integrity: sha512-zh/ahtR2yME4I51z8IttIt4lC1Nw0ktsFtmeDzID1m9naJnWXhCoARaCgNOGXb5CLy3zm+wqmRAEgMYB5E2HUw==}

  classlist-polyfill@1.2.0:
    resolution: {integrity: sha512-GzIjNdcEtH4ieA2S8NmrSxv7DfEV5fmixQeyTmqmRmRJPGpRBaSnA2a0VrCjyT8iW8JjEdMbKzDotAJf+ajgaQ==}

  earcut@3.0.2:
    resolution: {integrity: sha512-X7hshQbLyMJ/3RPhyObLARM2sNxxmRALLKx1+NVFFnQ9gKzmCrxm9+uLIAdBcvc8FNLpctqlQ2V6AE92Ol9UDQ==}

  eventemitter3@5.0.4:
    resolution: {integrity: sha512-mlsTRyGaPBjPedk6Bvw+aqbsXDtoAyAzm5MO7JgU+yVRyMQ5O8bD4Kcci7BS85f93veegeCPkL8R4GLClnjLFw==}

  gifuct-js@2.1.2:
    resolution: {integrity: sha512-rI2asw77u0mGgwhV3qA+OEgYqaDn5UNqgs+Bx0FGwSpuqfYn+Ir6RQY5ENNQ8SbIiG/m5gVa7CD5RriO4f4Lsg==}

  gsap@3.15.0:
    resolution: {integrity: sha512-dMW4CWBTUK1AEEDeZc1g4xpPGIrSf9fJF960qbTZmN/QwZIWY5wgliS6JWl9/25fpTGJrMRtSjGtOmPnfjZB+A==}

  interactjs@1.10.27:
    resolution: {integrity: sha512-y/8RcCftGAF24gSp76X2JS3XpHiUvDQyhF8i7ujemBz77hwiHDuJzftHx7thY8cxGogwGiPJ+o97kWB6eAXnsA==}

  ismobilejs@1.1.1:
    resolution: {integrity: sha512-VaFW53yt8QO61k2WJui0dHf4SlL8lxBofUuUmwBo0ljPk0Drz2TiuDW4jo3wDcv41qy/SxrJ+VAzJ/qYqsmzRw==}

  js-binary-schema-parser@2.0.3:
    resolution: {integrity: sha512-xezGJmOb4lk/M1ZZLTR/jaBHQ4gG/lqQnJqdIv4721DMggsa1bDVlHXNeHYogaIEHD9vCRv0fcL4hMA+Coarkg==}

  lodash.debounce@4.0.8:
    resolution: {integrity: sha512-FT1yDzDYEoYWhnSGnpE/4Kj1fLZkDFyqRb7fNt6FdYOSxlUWAtp42Eh6Wb0rGIv/m9Bgo7x4GhQbm5Ys4SG5ow==}

  lodash.throttle@4.1.1:
    resolution: {integrity: sha512-wIkUCfVKpVsWo3JSZlc+8MB5it+2AN5W8J7YVMST30UrvcQNZ1Okbj+rbVniijTWE6FGYy4XJq/rHkas8qJMLQ==}

  parse-svg-path@0.2.0:
    resolution: {integrity: sha512-Tf7FFIrguPKQwzD4pWnYkR2VOv3raoHeKED80Bm+BYHI3KxC8KsgsGC5+fSMzAGDA6UEk4bHvmi+RsjmL3khpg==}

  pixi.js@8.19.0:
    resolution: {integrity: sha512-pq1O6emA/GFjjeF+8d3Pb5t7knD8FsnfWGqQcRjYjsqFZ7QdzG1XgjLDUu0DFJRbafjV5+g8iNLFBx0b9649lg==}

  sweetalert2@11.26.25:
    resolution: {integrity: sha512-+hunCOJdJ6FLj04T9YSLvvZXRjsvIkTeTKP2e4VF8CaBias961BTnWiSFAy7F/CM5eq3QK2Rraoc5Gzftslvkg==}

  tiny-lru@11.4.7:
    resolution: {integrity: sha512-w/Te7uMUVeH0CR8vZIjr+XiN41V+30lkDdK+NRIDCUYKKuL9VcmaUEmaPISuwGhLlrTGh5yu18lENtR9axSxYw==}
    engines: {node: '>=12'}

snapshots:

  '@interactjs/types@1.10.27': {}

  '@pixi/colord@2.9.6': {}

  '@types/earcut@3.0.0': {}

  '@webgpu/types@0.1.70': {}

  '@xmldom/xmldom@0.8.13': {}

  aos@2.3.4:
    dependencies:
      classlist-polyfill: 1.2.0
      lodash.debounce: 4.0.8
      lodash.throttle: 4.1.1

  classlist-polyfill@1.2.0: {}

  earcut@3.0.2: {}

  eventemitter3@5.0.4: {}

  gifuct-js@2.1.2:
    dependencies:
      js-binary-schema-parser: 2.0.3

  gsap@3.15.0: {}

  interactjs@1.10.27:
    dependencies:
      '@interactjs/types': 1.10.27

  ismobilejs@1.1.1: {}

  js-binary-schema-parser@2.0.3: {}

  lodash.debounce@4.0.8: {}

  lodash.throttle@4.1.1: {}

  parse-svg-path@0.2.0: {}

  pixi.js@8.19.0:
    dependencies:
      '@pixi/colord': 2.9.6
      '@types/earcut': 3.0.0
      '@webgpu/types': 0.1.70
      '@xmldom/xmldom': 0.8.13
      earcut: 3.0.2
      eventemitter3: 5.0.4
      gifuct-js: 2.1.2
      ismobilejs: 1.1.1
      parse-svg-path: 0.2.0
      tiny-lru: 11.4.7

  sweetalert2@11.26.25: {}

  tiny-lru@11.4.7: {}
